
Microsoft Visual Studio Solution File, Format Version 12.00
# Visual Studio Version 17
VisualStudioVersion = 17.2.32616.157
MinimumVisualStudioVersion = 10.0.40219.1
Project("{FAE04EC0-301F-11D3-BF4B-00C04F79EFBC}") = "ExportListToExcel", "ExportListToExcel.csproj", "{A26EA0AD-E9AD-408D-9A0C-782D1847FA70}"
EndProject
Global
	GlobalSection(SolutionConfigurationPlatforms) = preSolution
		Debug|Any CPU = Debug|Any CPU
		Release|Any CPU = Release|Any CPU
	EndGlobalSection
	GlobalSection(ProjectConfigurationPlatforms) = postSolution
		{A26EA0AD-E9AD-408D-9A0C-782D1847FA70}.Debug|Any CPU.ActiveCfg = Debug|Any CPU
		{A26EA0AD-E9AD-408D-9A0C-782D1847FA70}.Debug|Any CPU.Build.0 = Debug|Any CPU
		{A26EA0AD-E9AD-408D-9A0C-782D1847FA70}.Release|Any CPU.ActiveCfg = Release|Any CPU
		{A26EA0AD-E9AD-408D-9A0C-782D1847FA70}.Release|Any CPU.Build.0 = Release|Any CPU
	EndGlobalSection
	GlobalSection(SolutionProperties) = preSolution
		HideSolutionNode = FALSE
	EndGlobalSection
	GlobalSection(ExtensibilityGlobals) = postSolution
		SolutionGuid = {58FB3DD4-C741-4E44-8DBD-98B7F117203F}
	EndGlobalSection
EndGlobal
